// !$*UTF8*$!
{
	archiveVersion = 1;
	classes = {
	};
	objectVersion = 50;
	objects = {

/* Begin PBXBuildFile section */
		3E132C1226AB10D4001825BA /* Singer+CoreDataClass.swift in Sources */ = {isa = PBXBuildFile; fileRef = 3E132C1026AB10D4001825BA /* Singer+CoreDataClass.swift */; };
		3E132C1326AB10D4001825BA /* Singer+CoreDataProperties.swift in Sources */ = {isa = PBXBuildFile; fileRef = 3E132C1126AB10D4001825BA /* Singer+CoreDataProperties.swift */; };
		3E132C1726AB1B24001825BA /* FilteredList.swift in Sources */ = {isa = PBXBuildFile; fileRef = 3E132C1626AB1B24001825BA /* FilteredList.swift */; };
		3E20228126AB2BFB007BA37F /* Candy+CoreDataClass.swift in Sources */ = {isa = PBXBuildFile; fileRef = 3E20227D26AB2BFB007BA37F /* Candy+CoreDataClass.swift */; };
		3E20228226AB2BFB007BA37F /* Candy+CoreDataProperties.swift in Sources */ = {isa = PBXBuildFile; fileRef = 3E20227E26AB2BFB007BA37F /* Candy+CoreDataProperties.swift */; };
		3E20228326AB2BFB007BA37F /* Country+CoreDataClass.swift in Sources */ = {isa = PBXBuildFile; fileRef = 3E20227F26AB2BFB007BA37F /* Country+CoreDataClass.swift */; };
		3E20228426AB2BFB007BA37F /* Country+CoreDataProperties.swift in Sources */ = {isa = PBXBuildFile; fileRef = 3E20228026AB2BFB007BA37F /* Country+CoreDataProperties.swift */; };
		3E9A712126AADBD7007263BA /* CoreDataProjectApp.swift in Sources */ = {isa = PBXBuildFile; fileRef = 3E9A712026AADBD7007263BA /* CoreDataProjectApp.swift */; };
		3E9A712326AADBD7007263BA /* ContentView.swift in Sources */ = {isa = PBXBuildFile; fileRef = 3E9A712226AADBD7007263BA /* ContentView.swift */; };
		3E9A712526AADBDB007263BA /* Assets.xcassets in Resources */ = {isa = PBXBuildFile; fileRef = 3E9A712426AADBDB007263BA /* Assets.xcassets */; };
		3E9A712826AADBDB007263BA /* Preview Assets.xcassets in Resources */ = {isa = PBXBuildFile; fileRef = 3E9A712726AADBDB007263BA /* Preview Assets.xcassets */; };
		3E9A712A26AADBDB007263BA /* Persistence.swift in Sources */ = {isa = PBXBuildFile; fileRef = 3E9A712926AADBDB007263BA /* Persistence.swift */; };
		3E9A712D26AADBDB007263BA /* CoreDataProject.xcdatamodeld in Sources */ = {isa = PBXBuildFile; fileRef = 3E9A712B26AADBDB007263BA /* CoreDataProject.xcdatamodeld */; };
		3E9A713D26AAE1A7007263BA /* Movie+CoreDataClass.swift in Sources */ = {isa = PBXBuildFile; fileRef = 3E9A713B26AAE1A7007263BA /* Movie+CoreDataClass.swift */; };
		3E9A713E26AAE1A7007263BA /* Movie+CoreDataProperties.swift in Sources */ = {isa = PBXBuildFile; fileRef = 3E9A713C26AAE1A7007263BA /* Movie+CoreDataProperties.swift */; };
/* End PBXBuildFile section */

/* Begin PBXFileReference section */
		3E132C1026AB10D4001825BA /* Singer+CoreDataClass.swift */ = {isa = PBXFileReference; lastKnownFileType = sourcecode.swift; path = "Singer+CoreDataClass.swift"; sourceTree = "<group>"; };
		3E132C1126AB10D4001825BA /* Singer+CoreDataProperties.swift */ = {isa = PBXFileReference; lastKnownFileType = sourcecode.swift; path = "Singer+CoreDataProperties.swift"; sourceTree = "<group>"; };
		3E132C1626AB1B24001825BA /* FilteredList.swift */ = {isa = PBXFileReference; lastKnownFileType = sourcecode.swift; path = FilteredList.swift; sourceTree = "<group>"; };
		3E20227D26AB2BFB007BA37F /* Candy+CoreDataClass.swift */ = {isa = PBXFileReference; lastKnownFileType = sourcecode.swift; path = "Candy+CoreDataClass.swift"; sourceTree = "<group>"; };
		3E20227E26AB2BFB007BA37F /* Candy+CoreDataProperties.swift */ = {isa = PBXFileReference; lastKnownFileType = sourcecode.swift; path = "Candy+CoreDataProperties.swift"; sourceTree = "<group>"; };
		3E20227F26AB2BFB007BA37F /* Country+CoreDataClass.swift */ = {isa = PBXFileReference; lastKnownFileType = sourcecode.swift; path = "Country+CoreDataClass.swift"; sourceTree = "<group>"; };
		3E20228026AB2BFB007BA37F /* Country+CoreDataProperties.swift */ = {isa = PBXFileReference; lastKnownFileType = sourcecode.swift; path = "Country+CoreDataProperties.swift"; sourceTree = "<group>"; };
		3E9A711D26AADBD7007263BA /* CoreDataProject.app */ = {isa = PBXFileReference; explicitFileType = wrapper.application; includeInIndex = 0; path = CoreDataProject.app; sourceTree = BUILT_PRODUCTS_DIR; };
		3E9A712026AADBD7007263BA /* CoreDataProjectApp.swift */ = {isa = PBXFileReference; lastKnownFileType = sourcecode.swift; path = CoreDataProjectApp.swift; sourceTree = "<group>"; };
		3E9A712226AADBD7007263BA /* ContentView.swift */ = {isa = PBXFileReference; lastKnownFileType = sourcecode.swift; path = ContentView.swift; sourceTree = "<group>"; };
		3E9A712426AADBDB007263BA /* Assets.xcassets */ = {isa = PBXFileReference; lastKnownFileType = folder.assetcatalog; path = Assets.xcassets; sourceTree = "<group>"; };
		3E9A712726AADBDB007263BA /* Preview Assets.xcassets */ = {isa = PBXFileReference; lastKnownFileType = folder.assetcatalog; path = "Preview Assets.xcassets"; sourceTree = "<group>"; };
		3E9A712926AADBDB007263BA /* Persistence.swift */ = {isa = PBXFileReference; lastKnownFileType = sourcecode.swift; path = Persistence.swift; sourceTree = "<group>"; };
		3E9A712C26AADBDB007263BA /* CoreDataProject.xcdatamodel */ = {isa = PBXFileReference; lastKnownFileType = wrapper.xcdatamodel; path = CoreDataProject.xcdatamodel; sourceTree = "<group>"; };
		3E9A712E26AADBDB007263BA /* Info.plist */ = {isa = PBXFileReference; lastKnownFileType = text.plist.xml; path = Info.plist; sourceTree = "<group>"; };
		3E9A713B26AAE1A7007263BA /* Movie+CoreDataClass.swift */ = {isa = PBXFileReference; lastKnownFileType = sourcecode.swift; path = "Movie+CoreDataClass.swift"; sourceTree = "<group>"; };
		3E9A713C26AAE1A7007263BA /* Movie+CoreDataProperties.swift */ = {isa = PBXFileReference; lastKnownFileType = sourcecode.swift; path = "Movie+CoreDataProperties.swift"; sourceTree = "<group>"; };
/* End PBXFileReference section */

/* Begin PBXFrameworksBuildPhase section */
		3E9A711A26AADBD7007263BA /* Frameworks */ = {
			isa = PBXFrameworksBuildPhase;
			buildActionMask = 2147483647;
			files = (
			);
			runOnlyForDeploymentPostprocessing = 0;
		};
/* End PBXFrameworksBuildPhase section */

/* Begin PBXGroup section */
		3E9A711426AADBD7007263BA = {
			isa = PBXGroup;
			children = (
				3E9A711F26AADBD7007263BA /* CoreDataProject */,
				3E9A711E26AADBD7007263BA /* Products */,
			);
			sourceTree = "<group>";
		};
		3E9A711E26AADBD7007263BA /* Products */ = {
			isa = PBXGroup;
			children = (
				3E9A711D26AADBD7007263BA /* CoreDataProject.app */,
			);
			name = Products;
			sourceTree = "<group>";
		};
		3E9A711F26AADBD7007263BA /* CoreDataProject */ = {
			isa = PBXGroup;
			children = (
				3E9A714026AAE3BD007263BA /* DataModel */,
				3E9A712026AADBD7007263BA /* CoreDataProjectApp.swift */,
				3E9A712226AADBD7007263BA /* ContentView.swift */,
				3E132C1626AB1B24001825BA /* FilteredList.swift */,
				3E9A712426AADBDB007263BA /* Assets.xcassets */,
				3E9A712926AADBDB007263BA /* Persistence.swift */,
				3E9A712E26AADBDB007263BA /* Info.plist */,
				3E9A712B26AADBDB007263BA /* CoreDataProject.xcdatamodeld */,
				3E9A712626AADBDB007263BA /* Preview Content */,
			);
			path = CoreDataProject;
			sourceTree = "<group>";
		};
		3E9A712626AADBDB007263BA /* Preview Content */ = {
			isa = PBXGroup;
			children = (
				3E9A712726AADBDB007263BA /* Preview Assets.xcassets */,
			);
			path = "Preview Content";
			sourceTree = "<group>";
		};
		3E9A714026AAE3BD007263BA /* DataModel */ = {
			isa = PBXGroup;
			children = (
				3E20227D26AB2BFB007BA37F /* Candy+CoreDataClass.swift */,
				3E20227E26AB2BFB007BA37F /* Candy+CoreDataProperties.swift */,
				3E20227F26AB2BFB007BA37F /* Country+CoreDataClass.swift */,
				3E20228026AB2BFB007BA37F /* Country+CoreDataProperties.swift */,
				3E132C1026AB10D4001825BA /* Singer+CoreDataClass.swift */,
				3E132C1126AB10D4001825BA /* Singer+CoreDataProperties.swift */,
				3E9A713B26AAE1A7007263BA /* Movie+CoreDataClass.swift */,
				3E9A713C26AAE1A7007263BA /* Movie+CoreDataProperties.swift */,
			);
			path = DataModel;
			sourceTree = "<group>";
		};
/* End PBXGroup section */

/* Begin PBXNativeTarget section */
		3E9A711C26AADBD7007263BA /* CoreDataProject */ = {
			isa = PBXNativeTarget;
			buildConfigurationList = 3E9A713126AADBDC007263BA /* Build configuration list for PBXNativeTarget "CoreDataProject" */;
			buildPhases = (
				3E9A711926AADBD7007263BA /* Sources */,
				3E9A711A26AADBD7007263BA /* Frameworks */,
				3E9A711B26AADBD7007263BA /* Resources */,
			);
			buildRules = (
			);
			dependencies = (
			);
			name = CoreDataProject;
			productName = CoreDataProject;
			productReference = 3E9A711D26AADBD7007263BA /* CoreDataProject.app */;
			productType = "com.apple.product-type.application";
		};
/* End PBXNativeTarget section */

/* Begin PBXProject section */
		3E9A711526AADBD7007263BA /* Project object */ = {
			isa = PBXProject;
			attributes = {
				LastSwiftUpdateCheck = 1240;
				LastUpgradeCheck = 1240;
				TargetAttributes = {
					3E9A711C26AADBD7007263BA = {
						CreatedOnToolsVersion = 12.4;
					};
				};
			};
			buildConfigurationList = 3E9A711826AADBD7007263BA /* Build configuration list for PBXProject "CoreDataProject" */;
			compatibilityVersion = "Xcode 9.3";
			developmentRegion = en;
			hasScannedForEncodings = 0;
			knownRegions = (
				en,
				Base,
			);
			mainGroup = 3E9A711426AADBD7007263BA;
			productRefGroup = 3E9A711E26AADBD7007263BA /* Products */;
			projectDirPath = "";
			projectRoot = "";
			targets = (
				3E9A711C26AADBD7007263BA /* CoreDataProject */,
			);
		};
/* End PBXProject section */

/* Begin PBXResourcesBuildPhase section */
		3E9A711B26AADBD7007263BA /* Resources */ = {
			isa = PBXResourcesBuildPhase;
			buildActionMask = 2147483647;
			files = (
				3E9A712826AADBDB007263BA /* Preview Assets.xcassets in Resources */,
				3E9A712526AADBDB007263BA /* Assets.xcassets in Resources */,
			);
			runOnlyForDeploymentPostprocessing = 0;
		};
/* End PBXResourcesBuildPhase section */

/* Begin PBXSourcesBuildPhase section */
		3E9A711926AADBD7007263BA /* Sources */ = {
			isa = PBXSourcesBuildPhase;
			buildActionMask = 2147483647;
			files = (
				3E132C1226AB10D4001825BA /* Singer+CoreDataClass.swift in Sources */,
				3E20228126AB2BFB007BA37F /* Candy+CoreDataClass.swift in Sources */,
				3E20228426AB2BFB007BA37F /* Country+CoreDataProperties.swift in Sources */,
				3E20228326AB2BFB007BA37F /* Country+CoreDataClass.swift in Sources */,
				3E20228226AB2BFB007BA37F /* Candy+CoreDataProperties.swift in Sources */,
				3E9A712A26AADBDB007263BA /* Persistence.swift in Sources */,
				3E132C1726AB1B24001825BA /* FilteredList.swift in Sources */,
				3E9A712326AADBD7007263BA /* ContentView.swift in Sources */,
				3E9A712D26AADBDB007263BA /* CoreDataProject.xcdatamodeld in Sources */,
				3E9A713D26AAE1A7007263BA /* Movie+CoreDataClass.swift in Sources */,
				3E132C1326AB10D4001825BA /* Singer+CoreDataProperties.swift in Sources */,
				3E9A713E26AAE1A7007263BA /* Movie+CoreDataProperties.swift in Sources */,
				3E9A712126AADBD7007263BA /* CoreDataProjectApp.swift in Sources */,
			);
			runOnlyForDeploymentPostprocessing = 0;
		};
/* End PBXSourcesBuildPhase section */

/* Begin XCBuildConfiguration section */
		3E9A712F26AADBDB007263BA /* Debug */ = {
			isa = XCBuildConfiguration;
			buildSettings = {
				ALWAYS_SEARCH_USER_PATHS = NO;
				CLANG_ANALYZER_NONNULL = YES;
				CLANG_ANALYZER_NUMBER_OBJECT_CONVERSION = YES_AGGRESSIVE;
				CLANG_CXX_LANGUAGE_STANDARD = "gnu++14";
				CLANG_CXX_LIBRARY = "libc++";
				CLANG_ENABLE_MODULES = YES;
				CLANG_ENABLE_OBJC_ARC = YES;
				CLANG_ENABLE_OBJC_WEAK = YES;
				CLANG_WARN_BLOCK_CAPTURE_AUTORELEASING = YES;
				CLANG_WARN_BOOL_CONVERSION = YES;
				CLANG_WARN_COMMA = YES;
				CLANG_WARN_CONSTANT_CONVERSION = YES;
				CLANG_WARN_DEPRECATED_OBJC_IMPLEMENTATIONS = YES;
				CLANG_WARN_DIRECT_OBJC_ISA_USAGE = YES_ERROR;
				CLANG_WARN_DOCUMENTATION_COMMENTS = YES;
				CLANG_WARN_EMPTY_BODY = YES;
				CLANG_WARN_ENUM_CONVERSION = YES;
				CLANG_WARN_INFINITE_RECURSION = YES;
				CLANG_WARN_INT_CONVERSION = YES;
				CLANG_WARN_NON_LITERAL_NULL_CONVERSION = YES;
				CLANG_WARN_OBJC_IMPLICIT_RETAIN_SELF = YES;
				CLANG_WARN_OBJC_LITERAL_CONVERSION = YES;
				CLANG_WARN_OBJC_ROOT_CLASS = YES_ERROR;
				CLANG_WARN_QUOTED_INCLUDE_IN_FRAMEWORK_HEADER = YES;
				CLANG_WARN_RANGE_LOOP_ANALYSIS = YES;
				CLANG_WARN_STRICT_PROTOTYPES = YES;
				CLANG_WARN_SUSPICIOUS_MOVE = YES;
				CLANG_WARN_UNGUARDED_AVAILABILITY = YES_AGGRESSIVE;
				CLANG_WARN_UNREACHABLE_CODE = YES;
				CLANG_WARN__DUPLICATE_METHOD_MATCH = YES;
				COPY_PHASE_STRIP = NO;
				DEBUG_INFORMATION_FORMAT = dwarf;
				ENABLE_STRICT_OBJC_MSGSEND = YES;
				ENABLE_TESTABILITY = YES;
				GCC_C_LANGUAGE_STANDARD = gnu11;
				GCC_DYNAMIC_NO_PIC = NO;
				GCC_NO_COMMON_BLOCKS = YES;
				GCC_OPTIMIZATION_LEVEL = 0;
				GCC_PREPROCESSOR_DEFINITIONS = (
					"DEBUG=1",
					"$(inherited)",
				);
				GCC_WARN_64_TO_32_BIT_CONVERSION = YES;
				GCC_WARN_ABOUT_RETURN_TYPE = YES_ERROR;
				GCC_WARN_UNDECLARED_SELECTOR = YES;
				GCC_WARN_UNINITIALIZED_AUTOS = YES_AGGRESSIVE;
				GCC_WARN_UNUSED_FUNCTION = YES;
				GCC_WARN_UNUSED_VARIABLE = YES;
				IPHONEOS_DEPLOYMENT_TARGET = 14.4;
				MTL_ENABLE_DEBUG_INFO = INCLUDE_SOURCE;
				MTL_FAST_MATH = YES;
				ONLY_ACTIVE_ARCH = YES;
				SDKROOT = iphoneos;
				SWIFT_ACTIVE_COMPILATION_CONDITIONS = DEBUG;
				SWIFT_OPTIMIZATION_LEVEL = "-Onone";
			};
			name = Debug;
		};
		3E9A713026AADBDC007263BA /* Release */ = {
			isa = XCBuildConfiguration;
			buildSettings = {
				ALWAYS_SEARCH_USER_PATHS = NO;
				CLANG_ANALYZER_NONNULL = YES;
				CLANG_ANALYZER_NUMBER_OBJECT_CONVERSION = YES_AGGRESSIVE;
				CLANG_CXX_LANGUAGE_STANDARD = "gnu++14";
				CLANG_CXX_LIBRARY = "libc++";
				CLANG_ENABLE_MODULES = YES;
				CLANG_ENABLE_OBJC_ARC = YES;
				CLANG_ENABLE_OBJC_WEAK = YES;
				CLANG_WARN_BLOCK_CAPTURE_AUTORELEASING = YES;
				CLANG_WARN_BOOL_CONVERSION = YES;
				CLANG_WARN_COMMA = YES;
				CLANG_WARN_CONSTANT_CONVERSION = YES;
				CLANG_WARN_DEPRECATED_OBJC_IMPLEMENTATIONS = YES;
				CLANG_WARN_DIRECT_OBJC_ISA_USAGE = YES_ERROR;
				CLANG_WARN_DOCUMENTATION_COMMENTS = YES;
				CLANG_WARN_EMPTY_BODY = YES;
				CLANG_WARN_ENUM_CONVERSION = YES;
				CLANG_WARN_INFINITE_RECURSION = YES;
				CLANG_WARN_INT_CONVERSION = YES;
				CLANG_WARN_NON_LITERAL_NULL_CONVERSION = YES;
				CLANG_WARN_OBJC_IMPLICIT_RETAIN_SELF = YES;
				CLANG_WARN_OBJC_LITERAL_CONVERSION = YES;
				CLANG_WARN_OBJC_ROOT_CLASS = YES_ERROR;
				CLANG_WARN_QUOTED_INCLUDE_IN_FRAMEWORK_HEADER = YES;
				CLANG_WARN_RANGE_LOOP_ANALYSIS = YES;
				CLANG_WARN_STRICT_PROTOTYPES = YES;
				CLANG_WARN_SUSPICIOUS_MOVE = YES;
				CLANG_WARN_UNGUARDED_AVAILABILITY = YES_AGGRESSIVE;
				CLANG_WARN_UNREACHABLE_CODE = YES;
				CLANG_WARN__DUPLICATE_METHOD_MATCH = YES;
				COPY_PHASE_STRIP = NO;
				DEBUG_INFORMATION_FORMAT = "dwarf-with-dsym";
				ENABLE_NS_ASSERTIONS = NO;
				ENABLE_STRICT_OBJC_MSGSEND = YES;
				GCC_C_LANGUAGE_STANDARD = gnu11;
				GCC_NO_COMMON_BLOCKS = YES;
				GCC_WARN_64_TO_32_BIT_CONVERSION = YES;
				GCC_WARN_ABOUT_RETURN_TYPE = YES_ERROR;
				GCC_WARN_UNDECLARED_SELECTOR = YES;
				GCC_WARN_UNINITIALIZED_AUTOS = YES_AGGRESSIVE;
				GCC_WARN_UNUSED_FUNCTION = YES;
				GCC_WARN_UNUSED_VARIABLE = YES;
				IPHONEOS_DEPLOYMENT_TARGET = 14.4;
				MTL_ENABLE_DEBUG_INFO = NO;
				MTL_FAST_MATH = YES;
				SDKROOT = iphoneos;
				SWIFT_COMPILATION_MODE = wholemodule;
				SWIFT_OPTIMIZATION_LEVEL = "-O";
				VALIDATE_PRODUCT = YES;
			};
			name = Release;
		};
		3E9A713226AADBDC007263BA /* Debug */ = {
			isa = XCBuildConfiguration;
			buildSettings = {
				ASSETCATALOG_COMPILER_APPICON_NAME = AppIcon;
				ASSETCATALOG_COMPILER_GLOBAL_ACCENT_COLOR_NAME = AccentColor;
				CODE_SIGN_STYLE = Automatic;
				DEVELOPMENT_ASSET_PATHS = "\"CoreDataProject/Preview Content\"";
				DEVELOPMENT_TEAM = TVP6CVH34A;
				ENABLE_PREVIEWS = YES;
				INFOPLIST_FILE = CoreDataProject/Info.plist;
				IPHONEOS_DEPLOYMENT_TARGET = 14.0;
				LD_RUNPATH_SEARCH_PATHS = (
					"$(inherited)",
					"@executable_path/Frameworks",
				);
				PRODUCT_BUNDLE_IDENTIFIER = com.langtoun.CoreDataProject;
				PRODUCT_NAME = "$(TARGET_NAME)";
				SWIFT_VERSION = 5.0;
				TARGETED_DEVICE_FAMILY = "1,2";
			};
			name = Debug;
		};
		3E9A713326AADBDC007263BA /* Release */ = {
			isa = XCBuildConfiguration;
			buildSettings = {
				ASSETCATALOG_COMPILER_APPICON_NAME = AppIcon;
				ASSETCATALOG_COMPILER_GLOBAL_ACCENT_COLOR_NAME = AccentColor;
				CODE_SIGN_STYLE = Automatic;
				DEVELOPMENT_ASSET_PATHS = "\"CoreDataProject/Preview Content\"";
				DEVELOPMENT_TEAM = TVP6CVH34A;
				ENABLE_PREVIEWS = YES;
				INFOPLIST_FILE = CoreDataProject/Info.plist;
				IPHONEOS_DEPLOYMENT_TARGET = 14.0;
				LD_RUNPATH_SEARCH_PATHS = (
					"$(inherited)",
					"@executable_path/Frameworks",
				);
				PRODUCT_BUNDLE_IDENTIFIER = com.langtoun.CoreDataProject;
				PRODUCT_NAME = "$(TARGET_NAME)";
				SWIFT_VERSION = 5.0;
				TARGETED_DEVICE_FAMILY = "1,2";
			};
			name = Release;
		};
/* End XCBuildConfiguration section */

/* Begin XCConfigurationList section */
		3E9A711826AADBD7007263BA /* Build configuration list for PBXProject "CoreDataProject" */ = {
			isa = XCConfigurationList;
			buildConfigurations = (
				3E9A712F26AADBDB007263BA /* Debug */,
				3E9A713026AADBDC007263BA /* Release */,
			);
			defaultConfigurationIsVisible = 0;
			defaultConfigurationName = Release;
		};
		3E9A713126AADBDC007263BA /* Build configuration list for PBXNativeTarget "CoreDataProject" */ = {
			isa = XCConfigurationList;
			buildConfigurations = (
				3E9A713226AADBDC007263BA /* Debug */,
				3E9A713326AADBDC007263BA /* Release */,
			);
			defaultConfigurationIsVisible = 0;
			defaultConfigurationName = Release;
		};
/* End XCConfigurationList section */

/* Begin XCVersionGroup section */
		3E9A712B26AADBDB007263BA /* CoreDataProject.xcdatamodeld */ = {
			isa = XCVersionGroup;
			children = (
				3E9A712C26AADBDB007263BA /* CoreDataProject.xcdatamodel */,
			);
			currentVersion = 3E9A712C26AADBDB007263BA /* CoreDataProject.xcdatamodel */;
			path = CoreDataProject.xcdatamodeld;
			sourceTree = "<group>";
			versionGroupType = wrapper.xcdatamodel;
		};
/* End XCVersionGroup section */
	};
	rootObject = 3E9A711526AADBD7007263BA /* Project object */;
}
